PODS:
  - azure_speech (0.1.0):
    - FlutterMacOS
    - MicrosoftCognitiveServicesSpeech-macOS (~> 1.49.0)
  - ffmpeg_kit_flutter_new (1.0.0):
    - ffmpeg_kit_flutter_new/full-gpl (= 1.0.0)
    - FlutterMacOS
  - ffmpeg_kit_flutter_new/full-gpl (1.0.0):
    - FlutterMacOS
  - flutter_inappwebview_macos (0.0.1):
    - FlutterMacOS
    - OrderedSet (~> 6.0.3)
  - FlutterMacOS (1.0.0)
  - media_kit_libs_macos_video (1.0.4):
    - FlutterMacOS
  - media_kit_video (0.0.1):
    - FlutterMacOS
  - MicrosoftCognitiveServicesSpeech-macOS (1.49.1)
  - OrderedSet (6.0.3)
  - screen_retriever_macos (0.0.1):
    - FlutterMacOS

DEPENDENCIES:
  - azure_speech (from `Flutter/ephemeral/.symlinks/plugins/azure_speech/macos`)
  - ffmpeg_kit_flutter_new (from `Flutter/ephemeral/.symlinks/plugins/ffmpeg_kit_flutter_new/macos`)
  - flutter_inappwebview_macos (from `Flutter/ephemeral/.symlinks/plugins/flutter_inappwebview_macos/macos`)
  - FlutterMacOS (from `Flutter/ephemeral`)
  - media_kit_libs_macos_video (from `Flutter/ephemeral/.symlinks/plugins/media_kit_libs_macos_video/macos`)
  - media_kit_video (from `Flutter/ephemeral/.symlinks/plugins/media_kit_video/macos`)
  - screen_retriever_macos (from `Flutter/ephemeral/.symlinks/plugins/screen_retriever_macos/macos`)

SPEC REPOS:
  trunk:
    - MicrosoftCognitiveServicesSpeech-macOS
    - OrderedSet

EXTERNAL SOURCES:
  azure_speech:
    :path: Flutter/ephemeral/.symlinks/plugins/azure_speech/macos
  ffmpeg_kit_flutter_new:
    :path: Flutter/ephemeral/.symlinks/plugins/ffmpeg_kit_flutter_new/macos
  flutter_inappwebview_macos:
    :path: Flutter/ephemeral/.symlinks/plugins/flutter_inappwebview_macos/macos
  FlutterMacOS:
    :path: Flutter/ephemeral
  media_kit_libs_macos_video:
    :path: Flutter/ephemeral/.symlinks/plugins/media_kit_libs_macos_video/macos
  media_kit_video:
    :path: Flutter/ephemeral/.symlinks/plugins/media_kit_video/macos
  screen_retriever_macos:
    :path: Flutter/ephemeral/.symlinks/plugins/screen_retriever_macos/macos

SPEC CHECKSUMS:
  azure_speech: ae48a8cde92ea9b57a7406a9ad9632e707d91b47
  ffmpeg_kit_flutter_new: 4eb1908463948e877ff5c4f2c7bb28f2a5dfd11b
  flutter_inappwebview_macos: c2d68649f9f8f1831bfcd98d73fd6256366d9d1d
  FlutterMacOS: d0db08ddef1a9af05a5ec4b724367152bb0500b1
  media_kit_libs_macos_video: 85a23e549b5f480e72cae3e5634b5514bc692f65
  media_kit_video: fa6564e3799a0a28bff39442334817088b7ca758
  MicrosoftCognitiveServicesSpeech-macOS: dd6553a510acf213e02e768eb66022551f3930f8
  OrderedSet: e539b66b644ff081c73a262d24ad552a69be3a94
  screen_retriever_macos: 452e51764a9e1cdb74b3c541238795849f21557f

PODFILE CHECKSUM: 018b92253fb86934d884859ff93bbf45d3fac032

COCOAPODS: 1.16.2
